// !$*UTF8*$!
{
	archiveVersion = 1;
	classes = {
	};
	objectVersion = 55;
	objects = {

/* Begin PBXBuildFile section */
		130B8220298980D9005676DC /* AppDelegate.swift in Sources */ = {isa = PBXBuildFile; fileRef = 130B821F298980D9005676DC /* AppDelegate.swift */; };
		130B8222298980D9005676DC /* SceneDelegate.swift in Sources */ = {isa = PBXBuildFile; fileRef = 130B8221298980D9005676DC /* SceneDelegate.swift */; };
		130B8229298980DB005676DC /* Assets.xcassets in Resources */ = {isa = PBXBuildFile; fileRef = 130B8228298980DB005676DC /* Assets.xcassets */; };
		130B822C298980DB005676DC /* LaunchScreen.storyboard in Resources */ = {isa = PBXBuildFile; fileRef = 130B822A298980DB005676DC /* LaunchScreen.storyboard */; };
		130B8256298986E0005676DC /* ViewControllerFactoryTests.swift in Sources */ = {isa = PBXBuildFile; fileRef = 130B8255298986E0005676DC /* ViewControllerFactoryTests.swift */; };
		130B825929898AB6005676DC /* RecipesViewController.swift in Sources */ = {isa = PBXBuildFile; fileRef = 130B825729898AB6005676DC /* RecipesViewController.swift */; };
		130B825D29898B87005676DC /* RecipeDetailViewController.swift in Sources */ = {isa = PBXBuildFile; fileRef = 130B825B29898B87005676DC /* RecipeDetailViewController.swift */; };
		130B825E29898B87005676DC /* RecipeDetailViewController.xib in Resources */ = {isa = PBXBuildFile; fileRef = 130B825C29898B87005676DC /* RecipeDetailViewController.xib */; };
		130B826029899877005676DC /* ViewControllerFactory.swift in Sources */ = {isa = PBXBuildFile; fileRef = 130B825F29899877005676DC /* ViewControllerFactory.swift */; };
		130B826329899974005676DC /* RecipesViewControllerTests.swift in Sources */ = {isa = PBXBuildFile; fileRef = 130B826229899974005676DC /* RecipesViewControllerTests.swift */; };
		130B8265298999F6005676DC /* RecipesViewModel.swift in Sources */ = {isa = PBXBuildFile; fileRef = 130B8264298999F6005676DC /* RecipesViewModel.swift */; };
		130B82682989B111005676DC /* RecipesViewModelTests.swift in Sources */ = {isa = PBXBuildFile; fileRef = 130B82672989B111005676DC /* RecipesViewModelTests.swift */; };
		130B826A2989B6E4005676DC /* Recipe.swift in Sources */ = {isa = PBXBuildFile; fileRef = 130B82692989B6E4005676DC /* Recipe.swift */; };
		130B826D2989B705005676DC /* RecipeTests.swift in Sources */ = {isa = PBXBuildFile; fileRef = 130B826C2989B705005676DC /* RecipeTests.swift */; };
		130B826F2989C3D7005676DC /* RecipesViewController.xib in Resources */ = {isa = PBXBuildFile; fileRef = 130B826E2989C3D7005676DC /* RecipesViewController.xib */; };
		130B82712989CBDB005676DC /* TestHelpers.swift in Sources */ = {isa = PBXBuildFile; fileRef = 130B82702989CBDB005676DC /* TestHelpers.swift */; };
		130B82742989ED59005676DC /* RecipeCell.swift in Sources */ = {isa = PBXBuildFile; fileRef = 130B82722989ED59005676DC /* RecipeCell.swift */; };
		130B82752989ED59005676DC /* RecipeCell.xib in Resources */ = {isa = PBXBuildFile; fileRef = 130B82732989ED59005676DC /* RecipeCell.xib */; };
		130B82772989EE0E005676DC /* RecipeCellTests.swift in Sources */ = {isa = PBXBuildFile; fileRef = 130B82762989EE0E005676DC /* RecipeCellTests.swift */; };
		130B8279298A07A5005676DC /* NavigationControllerRouter.swift in Sources */ = {isa = PBXBuildFile; fileRef = 130B8278298A07A5005676DC /* NavigationControllerRouter.swift */; };
		130B827B298A0810005676DC /* NavigationControllerRouterTests.swift in Sources */ = {isa = PBXBuildFile; fileRef = 130B827A298A0810005676DC /* NavigationControllerRouterTests.swift */; };
		130B827D298B01AF005676DC /* RecipeDetailViewModel.swift in Sources */ = {isa = PBXBuildFile; fileRef = 130B827C298B01AF005676DC /* RecipeDetailViewModel.swift */; };
		130B827F298B01E4005676DC /* RecipeDetailViewModelTests.swift in Sources */ = {isa = PBXBuildFile; fileRef = 130B827E298B01E4005676DC /* RecipeDetailViewModelTests.swift */; };
		131A8E11298B160800EE2CDD /* RecipeDetailViewControllerTests.swift in Sources */ = {isa = PBXBuildFile; fileRef = 131A8E10298B160800EE2CDD /* RecipeDetailViewControllerTests.swift */; };
		13548268298C5E6D009377D8 /* String+Extensions.swift in Sources */ = {isa = PBXBuildFile; fileRef = 13548267298C5E6D009377D8 /* String+Extensions.swift */; };
		135C3EA8298C3E1800999A18 /* UIViewController+Extensions.swift in Sources */ = {isa = PBXBuildFile; fileRef = 135C3EA7298C3E1800999A18 /* UIViewController+Extensions.swift */; };
		138BEEF6298B661300DAF722 /* NetworkManager.swift in Sources */ = {isa = PBXBuildFile; fileRef = 138BEEF5298B661300DAF722 /* NetworkManager.swift */; };
		138BEEF8298B830400DAF722 /* RecipeAPI.swift in Sources */ = {isa = PBXBuildFile; fileRef = 138BEEF7298B830400DAF722 /* RecipeAPI.swift */; };
		138BEEFB298BEACA00DAF722 /* PersistanceManager.swift in Sources */ = {isa = PBXBuildFile; fileRef = 138BEEFA298BEACA00DAF722 /* PersistanceManager.swift */; };
		138BEEFD298BEE2B00DAF722 /* UserDefaultsManager.swift in Sources */ = {isa = PBXBuildFile; fileRef = 138BEEFC298BEE2B00DAF722 /* UserDefaultsManager.swift */; };
		13A22130298D710D00F81CFE /* ViewsFactory.swift in Sources */ = {isa = PBXBuildFile; fileRef = 13A2212F298D710D00F81CFE /* ViewsFactory.swift */; };
		13A22133298D8DA200F81CFE /* RecipeAPIAdapter.swift in Sources */ = {isa = PBXBuildFile; fileRef = 13A22132298D8DA200F81CFE /* RecipeAPIAdapter.swift */; };
		17C16716E9BE3B1BB19AA5CC /* Pods_RecipeManager.framework in Frameworks */ = {isa = PBXBuildFile; fileRef = 203E75697109A09740894B77 /* Pods_RecipeManager.framework */; };
		8F2E2AF2A214DB16244CC346 /* Pods_RecipeManagerTests.framework in Frameworks */ = {isa = PBXBuildFile; fileRef = F16CDF7A14935606B17A9FDC /* Pods_RecipeManagerTests.framework */; };
/* End PBXBuildFile section */

/* Begin PBXContainerItemProxy section */
		130B8233298980DB005676DC /* PBXContainerItemProxy */ = {
			isa = PBXContainerItemProxy;
			containerPortal = 130B8214298980D9005676DC /* Project object */;
			proxyType = 1;
			remoteGlobalIDString = 130B821B298980D9005676DC;
			remoteInfo = RecipeManager;
		};
/* End PBXContainerItemProxy section */

/* Begin PBXFileReference section */
		06F9DB8A464EBEDC19977554 /* Pods-RecipeManager-RecipeManagerUITests.debug.xcconfig */ = {isa = PBXFileReference; includeInIndex = 1; lastKnownFileType = text.xcconfig; name = "Pods-RecipeManager-RecipeManagerUITests.debug.xcconfig"; path = "Target Support Files/Pods-RecipeManager-RecipeManagerUITests/Pods-RecipeManager-RecipeManagerUITests.debug.xcconfig"; sourceTree = "<group>"; };
		128B71499F16F20B9F69EE91 /* Pods_RecipeManager_RecipeManagerUITests.framework */ = {isa = PBXFileReference; explicitFileType = wrapper.framework; includeInIndex = 0; path = Pods_RecipeManager_RecipeManagerUITests.framework; sourceTree = BUILT_PRODUCTS_DIR; };
		130B821C298980D9005676DC /* RecipeManager.app */ = {isa = PBXFileReference; explicitFileType = wrapper.application; includeInIndex = 0; path = RecipeManager.app; sourceTree = BUILT_PRODUCTS_DIR; };
		130B821F298980D9005676DC /* AppDelegate.swift */ = {isa = PBXFileReference; lastKnownFileType = sourcecode.swift; path = AppDelegate.swift; sourceTree = "<group>"; };
		130B8221298980D9005676DC /* SceneDelegate.swift */ = {isa = PBXFileReference; lastKnownFileType = sourcecode.swift; path = SceneDelegate.swift; sourceTree = "<group>"; };
		130B8228298980DB005676DC /* Assets.xcassets */ = {isa = PBXFileReference; lastKnownFileType = folder.assetcatalog; path = Assets.xcassets; sourceTree = "<group>"; };
		130B822B298980DB005676DC /* Base */ = {isa = PBXFileReference; lastKnownFileType = file.storyboard; name = Base; path = Base.lproj/LaunchScreen.storyboard; sourceTree = "<group>"; };
		130B822D298980DB005676DC /* Info.plist */ = {isa = PBXFileReference; lastKnownFileType = text.plist.xml; path = Info.plist; sourceTree = "<group>"; };
		130B8232298980DB005676DC /* RecipeManagerTests.xctest */ = {isa = PBXFileReference; explicitFileType = wrapper.cfbundle; includeInIndex = 0; path = RecipeManagerTests.xctest; sourceTree = BUILT_PRODUCTS_DIR; };
		130B8255298986E0005676DC /* ViewControllerFactoryTests.swift */ = {isa = PBXFileReference; lastKnownFileType = sourcecode.swift; path = ViewControllerFactoryTests.swift; sourceTree = "<group>"; };
		130B825729898AB6005676DC /* RecipesViewController.swift */ = {isa = PBXFileReference; lastKnownFileType = sourcecode.swift; path = RecipesViewController.swift; sourceTree = "<group>"; };
		130B825B29898B87005676DC /* RecipeDetailViewController.swift */ = {isa = PBXFileReference; lastKnownFileType = sourcecode.swift; path = RecipeDetailViewController.swift; sourceTree = "<group>"; };
		130B825C29898B87005676DC /* RecipeDetailViewController.xib */ = {isa = PBXFileReference; lastKnownFileType = file.xib; path = RecipeDetailViewController.xib; sourceTree = "<group>"; };
		130B825F29899877005676DC /* ViewControllerFactory.swift */ = {isa = PBXFileReference; lastKnownFileType = sourcecode.swift; path = ViewControllerFactory.swift; sourceTree = "<group>"; };
		130B826229899974005676DC /* RecipesViewControllerTests.swift */ = {isa = PBXFileReference; lastKnownFileType = sourcecode.swift; path = RecipesViewControllerTests.swift; sourceTree = "<group>"; };
		130B8264298999F6005676DC /* RecipesViewModel.swift */ = {isa = PBXFileReference; lastKnownFileType = sourcecode.swift; path = RecipesViewModel.swift; sourceTree = "<group>"; };
		130B82672989B111005676DC /* RecipesViewModelTests.swift */ = {isa = PBXFileReference; lastKnownFileType = sourcecode.swift; path = RecipesViewModelTests.swift; sourceTree = "<group>"; };
		130B82692989B6E4005676DC /* Recipe.swift */ = {isa = PBXFileReference; lastKnownFileType = sourcecode.swift; path = Recipe.swift; sourceTree = "<group>"; };
		130B826C2989B705005676DC /* RecipeTests.swift */ = {isa = PBXFileReference; lastKnownFileType = sourcecode.swift; path = RecipeTests.swift; sourceTree = "<group>"; };
		130B826E2989C3D7005676DC /* RecipesViewController.xib */ = {isa = PBXFileReference; lastKnownFileType = file.xib; path = RecipesViewController.xib; sourceTree = "<group>"; };
		130B82702989CBDB005676DC /* TestHelpers.swift */ = {isa = PBXFileReference; lastKnownFileType = sourcecode.swift; path = TestHelpers.swift; sourceTree = "<group>"; };
		130B82722989ED59005676DC /* RecipeCell.swift */ = {isa = PBXFileReference; lastKnownFileType = sourcecode.swift; path = RecipeCell.swift; sourceTree = "<group>"; };
		130B82732989ED59005676DC /* RecipeCell.xib */ = {isa = PBXFileReference; lastKnownFileType = file.xib; path = RecipeCell.xib; sourceTree = "<group>"; };
		130B82762989EE0E005676DC /* RecipeCellTests.swift */ = {isa = PBXFileReference; lastKnownFileType = sourcecode.swift; path = RecipeCellTests.swift; sourceTree = "<group>"; };
		130B8278298A07A5005676DC /* NavigationControllerRouter.swift */ = {isa = PBXFileReference; lastKnownFileType = sourcecode.swift; path = NavigationControllerRouter.swift; sourceTree = "<group>"; };
		130B827A298A0810005676DC /* NavigationControllerRouterTests.swift */ = {isa = PBXFileReference; lastKnownFileType = sourcecode.swift; path = NavigationControllerRouterTests.swift; sourceTree = "<group>"; };
		130B827C298B01AF005676DC /* RecipeDetailViewModel.swift */ = {isa = PBXFileReference; lastKnownFileType = sourcecode.swift; path = RecipeDetailViewModel.swift; sourceTree = "<group>"; };
		130B827E298B01E4005676DC /* RecipeDetailViewModelTests.swift */ = {isa = PBXFileReference; lastKnownFileType = sourcecode.swift; path = RecipeDetailViewModelTests.swift; sourceTree = "<group>"; };
		131A8E10298B160800EE2CDD /* RecipeDetailViewControllerTests.swift */ = {isa = PBXFileReference; lastKnownFileType = sourcecode.swift; path = RecipeDetailViewControllerTests.swift; sourceTree = "<group>"; };
		13548267298C5E6D009377D8 /* String+Extensions.swift */ = {isa = PBXFileReference; lastKnownFileType = sourcecode.swift; path = "String+Extensions.swift"; sourceTree = "<group>"; };
		135C3EA7298C3E1800999A18 /* UIViewController+Extensions.swift */ = {isa = PBXFileReference; lastKnownFileType = sourcecode.swift; path = "UIViewController+Extensions.swift"; sourceTree = "<group>"; };
		138BEEF5298B661300DAF722 /* NetworkManager.swift */ = {isa = PBXFileReference; lastKnownFileType = sourcecode.swift; path = NetworkManager.swift; sourceTree = "<group>"; };
		138BEEF7298B830400DAF722 /* RecipeAPI.swift */ = {isa = PBXFileReference; lastKnownFileType = sourcecode.swift; path = RecipeAPI.swift; sourceTree = "<group>"; };
		138BEEFA298BEACA00DAF722 /* PersistanceManager.swift */ = {isa = PBXFileReference; lastKnownFileType = sourcecode.swift; path = PersistanceManager.swift; sourceTree = "<group>"; };
		138BEEFC298BEE2B00DAF722 /* UserDefaultsManager.swift */ = {isa = PBXFileReference; lastKnownFileType = sourcecode.swift; path = UserDefaultsManager.swift; sourceTree = "<group>"; };
		13A2212F298D710D00F81CFE /* ViewsFactory.swift */ = {isa = PBXFileReference; lastKnownFileType = sourcecode.swift; path = ViewsFactory.swift; sourceTree = "<group>"; };
		13A22132298D8DA200F81CFE /* RecipeAPIAdapter.swift */ = {isa = PBXFileReference; lastKnownFileType = sourcecode.swift; path = RecipeAPIAdapter.swift; sourceTree = "<group>"; };
		203E75697109A09740894B77 /* Pods_RecipeManager.framework */ = {isa = PBXFileReference; explicitFileType = wrapper.framework; includeInIndex = 0; path = Pods_RecipeManager.framework; sourceTree = BUILT_PRODUCTS_DIR; };
		6ED75A4A40777969033C58A2 /* Pods-RecipeManager.release.xcconfig */ = {isa = PBXFileReference; includeInIndex = 1; lastKnownFileType = text.xcconfig; name = "Pods-RecipeManager.release.xcconfig"; path = "Target Support Files/Pods-RecipeManager/Pods-RecipeManager.release.xcconfig"; sourceTree = "<group>"; };
		71B81959457F9876EA0080B5 /* Pods-RecipeManagerTests.debug.xcconfig */ = {isa = PBXFileReference; includeInIndex = 1; lastKnownFileType = text.xcconfig; name = "Pods-RecipeManagerTests.debug.xcconfig"; path = "Target Support Files/Pods-RecipeManagerTests/Pods-RecipeManagerTests.debug.xcconfig"; sourceTree = "<group>"; };
		A05A263B9B1BBE2915B82702 /* Pods-RecipeManagerTests.release.xcconfig */ = {isa = PBXFileReference; includeInIndex = 1; lastKnownFileType = text.xcconfig; name = "Pods-RecipeManagerTests.release.xcconfig"; path = "Target Support Files/Pods-RecipeManagerTests/Pods-RecipeManagerTests.release.xcconfig"; sourceTree = "<group>"; };
		DB9833BDF42349E7A13088B1 /* Pods-RecipeManager.debug.xcconfig */ = {isa = PBXFileReference; includeInIndex = 1; lastKnownFileType = text.xcconfig; name = "Pods-RecipeManager.debug.xcconfig"; path = "Target Support Files/Pods-RecipeManager/Pods-RecipeManager.debug.xcconfig"; sourceTree = "<group>"; };
		F16CDF7A14935606B17A9FDC /* Pods_RecipeManagerTests.framework */ = {isa = PBXFileReference; explicitFileType = wrapper.framework; includeInIndex = 0; path = Pods_RecipeManagerTests.framework; sourceTree = BUILT_PRODUCTS_DIR; };
		F4E0E7C90D33F56C6510FF82 /* Pods-RecipeManager-RecipeManagerUITests.release.xcconfig */ = {isa = PBXFileReference; includeInIndex = 1; lastKnownFileType = text.xcconfig; name = "Pods-RecipeManager-RecipeManagerUITests.release.xcconfig"; path = "Target Support Files/Pods-RecipeManager-RecipeManagerUITests/Pods-RecipeManager-RecipeManagerUITests.release.xcconfig"; sourceTree = "<group>"; };
/* End PBXFileReference section */

/* Begin PBXFrameworksBuildPhase section */
		130B8219298980D9005676DC /* Frameworks */ = {
			isa = PBXFrameworksBuildPhase;
			buildActionMask = 2147483647;
			files = (
				17C16716E9BE3B1BB19AA5CC /* Pods_RecipeManager.framework in Frameworks */,
			);
			runOnlyForDeploymentPostprocessing = 0;
		};
		130B822F298980DB005676DC /* Frameworks */ = {
			isa = PBXFrameworksBuildPhase;
			buildActionMask = 2147483647;
			files = (
				8F2E2AF2A214DB16244CC346 /* Pods_RecipeManagerTests.framework in Frameworks */,
			);
			runOnlyForDeploymentPostprocessing = 0;
		};
/* End PBXFrameworksBuildPhase section */

/* Begin PBXGroup section */
		130B8213298980D9005676DC = {
			isa = PBXGroup;
			children = (
				130B821E298980D9005676DC /* RecipeManager */,
				130B8235298980DB005676DC /* RecipeManagerTests */,
				130B821D298980D9005676DC /* Products */,
				8DFAB9DB9326C59ED02459F6 /* Pods */,
				29984E3A31C024ADF75A76DF /* Frameworks */,
			);
			sourceTree = "<group>";
		};
		130B821D298980D9005676DC /* Products */ = {
			isa = PBXGroup;
			children = (
				130B821C298980D9005676DC /* RecipeManager.app */,
				130B8232298980DB005676DC /* RecipeManagerTests.xctest */,
			);
			name = Products;
			sourceTree = "<group>";
		};
		130B821E298980D9005676DC /* RecipeManager */ = {
			isa = PBXGroup;
			children = (
				13A22131298D8D8500F81CFE /* API */,
				13A2212D298D6FAD00F81CFE /* Composition */,
				135C3EA6298C3E0000999A18 /* Extensions */,
				130B82532989825C005676DC /* Main */,
				130B824F298981F5005676DC /* Model */,
				130B825029898200005676DC /* Networking */,
				138BEEF9298BEAB700DAF722 /* Persistance */,
				130B825229898223005676DC /* ViewModels */,
				130B825129898216005676DC /* Views */,
				130B8228298980DB005676DC /* Assets.xcassets */,
				130B822D298980DB005676DC /* Info.plist */,
			);
			path = RecipeManager;
			sourceTree = "<group>";
		};
		130B8235298980DB005676DC /* RecipeManagerTests */ = {
			isa = PBXGroup;
			children = (
				13A2212E298D6FB400F81CFE /* Composition */,
				130B82542989857D005676DC /* Main */,
				130B826B2989B6F9005676DC /* Model */,
				130B82662989B0E9005676DC /* ViewModels */,
				130B82612989995F005676DC /* Views */,
				130B82702989CBDB005676DC /* TestHelpers.swift */,
			);
			path = RecipeManagerTests;
			sourceTree = "<group>";
		};
		130B824F298981F5005676DC /* Model */ = {
			isa = PBXGroup;
			children = (
				130B82692989B6E4005676DC /* Recipe.swift */,
			);
			path = Model;
			sourceTree = "<group>";
		};
		130B825029898200005676DC /* Networking */ = {
			isa = PBXGroup;
			children = (
				138BEEF5298B661300DAF722 /* NetworkManager.swift */,
			);
			path = Networking;
			sourceTree = "<group>";
		};
		130B825129898216005676DC /* Views */ = {
			isa = PBXGroup;
			children = (
				130B822A298980DB005676DC /* LaunchScreen.storyboard */,
				130B825729898AB6005676DC /* RecipesViewController.swift */,
				130B826E2989C3D7005676DC /* RecipesViewController.xib */,
				130B825B29898B87005676DC /* RecipeDetailViewController.swift */,
				130B825C29898B87005676DC /* RecipeDetailViewController.xib */,
				130B82722989ED59005676DC /* RecipeCell.swift */,
				130B82732989ED59005676DC /* RecipeCell.xib */,
			);
			path = Views;
			sourceTree = "<group>";
		};
		130B825229898223005676DC /* ViewModels */ = {
			isa = PBXGroup;
			children = (
				130B8264298999F6005676DC /* RecipesViewModel.swift */,
				130B827C298B01AF005676DC /* RecipeDetailViewModel.swift */,
			);
			path = ViewModels;
			sourceTree = "<group>";
		};
		130B82532989825C005676DC /* Main */ = {
			isa = PBXGroup;
			children = (
				130B821F298980D9005676DC /* AppDelegate.swift */,
				130B8221298980D9005676DC /* SceneDelegate.swift */,
				130B825F29899877005676DC /* ViewControllerFactory.swift */,
			);
			path = Main;
			sourceTree = "<group>";
		};
		130B82542989857D005676DC /* Main */ = {
			isa = PBXGroup;
			children = (
				130B8255298986E0005676DC /* ViewControllerFactoryTests.swift */,
			);
			path = Main;
			sourceTree = "<group>";
		};
		130B82612989995F005676DC /* Views */ = {
			isa = PBXGroup;
			children = (
				130B826229899974005676DC /* RecipesViewControllerTests.swift */,
				130B82762989EE0E005676DC /* RecipeCellTests.swift */,
				131A8E10298B160800EE2CDD /* RecipeDetailViewControllerTests.swift */,
			);
			path = Views;
			sourceTree = "<group>";
		};
		130B82662989B0E9005676DC /* ViewModels */ = {
			isa = PBXGroup;
			children = (
				130B82672989B111005676DC /* RecipesViewModelTests.swift */,
				130B827E298B01E4005676DC /* RecipeDetailViewModelTests.swift */,
			);
			path = ViewModels;
			sourceTree = "<group>";
		};
		130B826B2989B6F9005676DC /* Model */ = {
			isa = PBXGroup;
			children = (
				130B826C2989B705005676DC /* RecipeTests.swift */,
			);
			path = Model;
			sourceTree = "<group>";
		};
		135C3EA6298C3E0000999A18 /* Extensions */ = {
			isa = PBXGroup;
			children = (
				135C3EA7298C3E1800999A18 /* UIViewController+Extensions.swift */,
				13548267298C5E6D009377D8 /* String+Extensions.swift */,
			);
			path = Extensions;
			sourceTree = "<group>";
		};
		138BEEF9298BEAB700DAF722 /* Persistance */ = {
			isa = PBXGroup;
			children = (
				138BEEFA298BEACA00DAF722 /* PersistanceManager.swift */,
				138BEEFC298BEE2B00DAF722 /* UserDefaultsManager.swift */,
			);
			path = Persistance;
			sourceTree = "<group>";
		};
		13A2212D298D6FAD00F81CFE /* Composition */ = {
			isa = PBXGroup;
			children = (
				130B8278298A07A5005676DC /* NavigationControllerRouter.swift */,
				13A2212F298D710D00F81CFE /* ViewsFactory.swift */,
			);
			path = Composition;
			sourceTree = "<group>";
		};
		13A2212E298D6FB400F81CFE /* Composition */ = {
			isa = PBXGroup;
			children = (
				130B827A298A0810005676DC /* NavigationControllerRouterTests.swift */,
			);
			path = Composition;
			sourceTree = "<group>";
		};
		13A22131298D8D8500F81CFE /* API */ = {
			isa = PBXGroup;
			children = (
				138BEEF7298B830400DAF722 /* RecipeAPI.swift */,
				13A22132298D8DA200F81CFE /* RecipeAPIAdapter.swift */,
			);
			path = API;
			sourceTree = "<group>";
		};
		29984E3A31C024ADF75A76DF /* Frameworks */ = {
			isa = PBXGroup;
			children = (
				203E75697109A09740894B77 /* Pods_RecipeManager.framework */,
				128B71499F16F20B9F69EE91 /* Pods_RecipeManager_RecipeManagerUITests.framework */,
				F16CDF7A14935606B17A9FDC /* Pods_RecipeManagerTests.framework */,
			);
			name = Frameworks;
			sourceTree = "<group>";
		};
		8DFAB9DB9326C59ED02459F6 /* Pods */ = {
			isa = PBXGroup;
			children = (
				DB9833BDF42349E7A13088B1 /* Pods-RecipeManager.debug.xcconfig */,
				6ED75A4A40777969033C58A2 /* Pods-RecipeManager.release.xcconfig */,
				06F9DB8A464EBEDC19977554 /* Pods-RecipeManager-RecipeManagerUITests.debug.xcconfig */,
				F4E0E7C90D33F56C6510FF82 /* Pods-RecipeManager-RecipeManagerUITests.release.xcconfig */,
				71B81959457F9876EA0080B5 /* Pods-RecipeManagerTests.debug.xcconfig */,
				A05A263B9B1BBE2915B82702 /* Pods-RecipeManagerTests.release.xcconfig */,
			);
			path = Pods;
			sourceTree = "<group>";
		};
/* End PBXGroup section */

/* Begin PBXNativeTarget section */
		130B821B298980D9005676DC /* RecipeManager */ = {
			isa = PBXNativeTarget;
			buildConfigurationList = 130B8246298980DB005676DC /* Build configuration list for PBXNativeTarget "RecipeManager" */;
			buildPhases = (
				EB666288D40BF3D88037B027 /* [CP] Check Pods Manifest.lock */,
				130B8218298980D9005676DC /* Sources */,
				130B8219298980D9005676DC /* Frameworks */,
				130B821A298980D9005676DC /* Resources */,
				08CA17A3AF16E7F875FACAB7 /* [CP] Embed Pods Frameworks */,
			);
			buildRules = (
			);
			dependencies = (
			);
			name = RecipeManager;
			productName = RecipeManager;
			productReference = 130B821C298980D9005676DC /* RecipeManager.app */;
			productType = "com.apple.product-type.application";
		};
		130B8231298980DB005676DC /* RecipeManagerTests */ = {
			isa = PBXNativeTarget;
			buildConfigurationList = 130B8249298980DB005676DC /* Build configuration list for PBXNativeTarget "RecipeManagerTests" */;
			buildPhases = (
				BC836A3F177BD39F865BB458 /* [CP] Check Pods Manifest.lock */,
				130B822E298980DB005676DC /* Sources */,
				130B822F298980DB005676DC /* Frameworks */,
				130B8230298980DB005676DC /* Resources */,
			);
			buildRules = (
			);
			dependencies = (
				130B8234298980DB005676DC /* PBXTargetDependency */,
			);
			name = RecipeManagerTests;
			productName = RecipeManagerTests;
			productReference = 130B8232298980DB005676DC /* RecipeManagerTests.xctest */;
			productType = "com.apple.product-type.bundle.unit-test";
		};
/* End PBXNativeTarget section */

/* Begin PBXProject section */
		130B8214298980D9005676DC /* Project object */ = {
			isa = PBXProject;
			attributes = {
				BuildIndependentTargetsInParallel = 1;
				LastSwiftUpdateCheck = 1420;
				LastUpgradeCheck = 1420;
				TargetAttributes = {
					130B821B298980D9005676DC = {
						CreatedOnToolsVersion = 14.2;
					};
					130B8231298980DB005676DC = {
						CreatedOnToolsVersion = 14.2;
						LastSwiftMigration = 1420;
						TestTargetID = 130B821B298980D9005676DC;
					};
				};
			};
			buildConfigurationList = 130B8217298980D9005676DC /* Build configuration list for PBXProject "RecipeManager" */;
			compatibilityVersion = "Xcode 13.0";
			developmentRegion = en;
			hasScannedForEncodings = 0;
			knownRegions = (
				en,
				Base,
			);
			mainGroup = 130B8213298980D9005676DC;
			productRefGroup = 130B821D298980D9005676DC /* Products */;
			projectDirPath = "";
			projectRoot = "";
			targets = (
				130B821B298980D9005676DC /* RecipeManager */,
				130B8231298980DB005676DC /* RecipeManagerTests */,
			);
		};
/* End PBXProject section */

/* Begin PBXResourcesBuildPhase section */
		130B821A298980D9005676DC /* Resources */ = {
			isa = PBXResourcesBuildPhase;
			buildActionMask = 2147483647;
			files = (
				130B826F2989C3D7005676DC /* RecipesViewController.xib in Resources */,
				130B822C298980DB005676DC /* LaunchScreen.storyboard in Resources */,
				130B82752989ED59005676DC /* RecipeCell.xib in Resources */,
				130B825E29898B87005676DC /* RecipeDetailViewController.xib in Resources */,
				130B8229298980DB005676DC /* Assets.xcassets in Resources */,
			);
			runOnlyForDeploymentPostprocessing = 0;
		};
		130B8230298980DB005676DC /* Resources */ = {
			isa = PBXResourcesBuildPhase;
			buildActionMask = 2147483647;
			files = (
			);
			runOnlyForDeploymentPostprocessing = 0;
		};
/* End PBXResourcesBuildPhase section */

/* Begin PBXShellScriptBuildPhase section */
		08CA17A3AF16E7F875FACAB7 /* [CP] Embed Pods Frameworks */ = {
			isa = PBXShellScriptBuildPhase;
			buildActionMask = 2147483647;
			files = (
			);
			inputFileListPaths = (
				"${PODS_ROOT}/Target Support Files/Pods-RecipeManager/Pods-RecipeManager-frameworks-${CONFIGURATION}-input-files.xcfilelist",
			);
			name = "[CP] Embed Pods Frameworks";
			outputFileListPaths = (
				"${PODS_ROOT}/Target Support Files/Pods-RecipeManager/Pods-RecipeManager-frameworks-${CONFIGURATION}-output-files.xcfilelist",
			);
			runOnlyForDeploymentPostprocessing = 0;
			shellPath = /bin/sh;
			shellScript = "\"${PODS_ROOT}/Target Support Files/Pods-RecipeManager/Pods-RecipeManager-frameworks.sh\"\n";
			showEnvVarsInLog = 0;
		};
		BC836A3F177BD39F865BB458 /* [CP] Check Pods Manifest.lock */ = {
			isa = PBXShellScriptBuildPhase;
			buildActionMask = 2147483647;
			files = (
			);
			inputFileListPaths = (
			);
			inputPaths = (
				"${PODS_PODFILE_DIR_PATH}/Podfile.lock",
				"${PODS_ROOT}/Manifest.lock",
			);
			name = "[CP] Check Pods Manifest.lock";
			outputFileListPaths = (
			);
			outputPaths = (
				"$(DERIVED_FILE_DIR)/Pods-RecipeManagerTests-checkManifestLockResult.txt",
			);
			runOnlyForDeploymentPostprocessing = 0;
			shellPath = /bin/sh;
			shellScript = "diff \"${PODS_PODFILE_DIR_PATH}/Podfile.lock\" \"${PODS_ROOT}/Manifest.lock\" > /dev/null\nif [ $? != 0 ] ; then\n    # print error to STDERR\n    echo \"error: The sandbox is not in sync with the Podfile.lock. Run 'pod install' or update your CocoaPods installation.\" >&2\n    exit 1\nfi\n# This output is used by Xcode 'outputs' to avoid re-running this script phase.\necho \"SUCCESS\" > \"${SCRIPT_OUTPUT_FILE_0}\"\n";
			showEnvVarsInLog = 0;
		};
		EB666288D40BF3D88037B027 /* [CP] Check Pods Manifest.lock */ = {
			isa = PBXShellScriptBuildPhase;
			buildActionMask = 2147483647;
			files = (
			);
			inputFileListPaths = (
			);
			inputPaths = (
				"${PODS_PODFILE_DIR_PATH}/Podfile.lock",
				"${PODS_ROOT}/Manifest.lock",
			);
			name = "[CP] Check Pods Manifest.lock";
			outputFileListPaths = (
			);
			outputPaths = (
				"$(DERIVED_FILE_DIR)/Pods-RecipeManager-checkManifestLockResult.txt",
			);
			runOnlyForDeploymentPostprocessing = 0;
			shellPath = /bin/sh;
			shellScript = "diff \"${PODS_PODFILE_DIR_PATH}/Podfile.lock\" \"${PODS_ROOT}/Manifest.lock\" > /dev/null\nif [ $? != 0 ] ; then\n    # print error to STDERR\n    echo \"error: The sandbox is not in sync with the Podfile.lock. Run 'pod install' or update your CocoaPods installation.\" >&2\n    exit 1\nfi\n# This output is used by Xcode 'outputs' to avoid re-running this script phase.\necho \"SUCCESS\" > \"${SCRIPT_OUTPUT_FILE_0}\"\n";
			showEnvVarsInLog = 0;
		};
/* End PBXShellScriptBuildPhase section */

/* Begin PBXSourcesBuildPhase section */
		130B8218298980D9005676DC /* Sources */ = {
			isa = PBXSourcesBuildPhase;
			buildActionMask = 2147483647;
			files = (
				138BEEF6298B661300DAF722 /* NetworkManager.swift in Sources */,
				130B825929898AB6005676DC /* RecipesViewController.swift in Sources */,
				138BEEF8298B830400DAF722 /* RecipeAPI.swift in Sources */,
				130B8220298980D9005676DC /* AppDelegate.swift in Sources */,
				13A22130298D710D00F81CFE /* ViewsFactory.swift in Sources */,
				13548268298C5E6D009377D8 /* String+Extensions.swift in Sources */,
				130B82742989ED59005676DC /* RecipeCell.swift in Sources */,
				130B826029899877005676DC /* ViewControllerFactory.swift in Sources */,
				130B825D29898B87005676DC /* RecipeDetailViewController.swift in Sources */,
				130B8279298A07A5005676DC /* NavigationControllerRouter.swift in Sources */,
				130B827D298B01AF005676DC /* RecipeDetailViewModel.swift in Sources */,
				130B8265298999F6005676DC /* RecipesViewModel.swift in Sources */,
				138BEEFD298BEE2B00DAF722 /* UserDefaultsManager.swift in Sources */,
				135C3EA8298C3E1800999A18 /* UIViewController+Extensions.swift in Sources */,
				13A22133298D8DA200F81CFE /* RecipeAPIAdapter.swift in Sources */,
				130B8222298980D9005676DC /* SceneDelegate.swift in Sources */,
				130B826A2989B6E4005676DC /* Recipe.swift in Sources */,
				138BEEFB298BEACA00DAF722 /* PersistanceManager.swift in Sources */,
			);
			runOnlyForDeploymentPostprocessing = 0;
		};
		130B822E298980DB005676DC /* Sources */ = {
			isa = PBXSourcesBuildPhase;
			buildActionMask = 2147483647;
			files = (
				130B826329899974005676DC /* RecipesViewControllerTests.swift in Sources */,
				130B82712989CBDB005676DC /* TestHelpers.swift in Sources */,
				130B827F298B01E4005676DC /* RecipeDetailViewModelTests.swift in Sources */,
				130B8256298986E0005676DC /* ViewControllerFactoryTests.swift in Sources */,
				131A8E11298B160800EE2CDD /* RecipeDetailViewControllerTests.swift in Sources */,
				130B82682989B111005676DC /* RecipesViewModelTests.swift in Sources */,
				130B826D2989B705005676DC /* RecipeTests.swift in Sources */,
				130B827B298A0810005676DC /* NavigationControllerRouterTests.swift in Sources */,
				130B82772989EE0E005676DC /* RecipeCellTests.swift in Sources */,
			);
			runOnlyForDeploymentPostprocessing = 0;
		};
/* End PBXSourcesBuildPhase section */

/* Begin PBXTargetDependency section */
		130B8234298980DB005676DC /* PBXTargetDependency */ = {
			isa = PBXTargetDependency;
			target = 130B821B298980D9005676DC /* RecipeManager */;
			targetProxy = 130B8233298980DB005676DC /* PBXContainerItemProxy */;
		};
/* End PBXTargetDependency section */

/* Begin PBXVariantGroup section */
		130B822A298980DB005676DC /* LaunchScreen.storyboard */ = {
			isa = PBXVariantGroup;
			children = (
				130B822B298980DB005676DC /* Base */,
			);
			name = LaunchScreen.storyboard;
			sourceTree = "<group>";
		};
/* End PBXVariantGroup section */

/* Begin XCBuildConfiguration section */
		130B8244298980DB005676DC /* Debug */ = {
			isa = XCBuildConfiguration;
			buildSettings = {
				ALWAYS_SEARCH_USER_PATHS = NO;
				CLANG_ANALYZER_NONNULL = YES;
				CLANG_ANALYZER_NUMBER_OBJECT_CONVERSION = YES_AGGRESSIVE;
				CLANG_CXX_LANGUAGE_STANDARD = "gnu++20";
				CLANG_ENABLE_MODULES = YES;
				CLANG_ENABLE_OBJC_ARC = YES;
				CLANG_ENABLE_OBJC_WEAK = YES;
				CLANG_WARN_BLOCK_CAPTURE_AUTORELEASING = YES;
				CLANG_WARN_BOOL_CONVERSION = YES;
				CLANG_WARN_COMMA = YES;
				CLANG_WARN_CONSTANT_CONVERSION = YES;
				CLANG_WARN_DEPRECATED_OBJC_IMPLEMENTATIONS = YES;
				CLANG_WARN_DIRECT_OBJC_ISA_USAGE = YES_ERROR;
				CLANG_WARN_DOCUMENTATION_COMMENTS = YES;
				CLANG_WARN_EMPTY_BODY = YES;
				CLANG_WARN_ENUM_CONVERSION = YES;
				CLANG_WARN_INFINITE_RECURSION = YES;
				CLANG_WARN_INT_CONVERSION = YES;
				CLANG_WARN_NON_LITERAL_NULL_CONVERSION = YES;
				CLANG_WARN_OBJC_IMPLICIT_RETAIN_SELF = YES;
				CLANG_WARN_OBJC_LITERAL_CONVERSION = YES;
				CLANG_WARN_OBJC_ROOT_CLASS = YES_ERROR;
				CLANG_WARN_QUOTED_INCLUDE_IN_FRAMEWORK_HEADER = YES;
				CLANG_WARN_RANGE_LOOP_ANALYSIS = YES;
				CLANG_WARN_STRICT_PROTOTYPES = YES;
				CLANG_WARN_SUSPICIOUS_MOVE = YES;
				CLANG_WARN_UNGUARDED_AVAILABILITY = YES_AGGRESSIVE;
				CLANG_WARN_UNREACHABLE_CODE = YES;
				CLANG_WARN__DUPLICATE_METHOD_MATCH = YES;
				COPY_PHASE_STRIP = NO;
				DEBUG_INFORMATION_FORMAT = dwarf;
				ENABLE_STRICT_OBJC_MSGSEND = YES;
				ENABLE_TESTABILITY = YES;
				GCC_C_LANGUAGE_STANDARD = gnu11;
				GCC_DYNAMIC_NO_PIC = NO;
				GCC_NO_COMMON_BLOCKS = YES;
				GCC_OPTIMIZATION_LEVEL = 0;
				GCC_PREPROCESSOR_DEFINITIONS = (
					"DEBUG=1",
					"$(inherited)",
				);
				GCC_WARN_64_TO_32_BIT_CONVERSION = YES;
				GCC_WARN_ABOUT_RETURN_TYPE = YES_ERROR;
				GCC_WARN_UNDECLARED_SELECTOR = YES;
				GCC_WARN_UNINITIALIZED_AUTOS = YES_AGGRESSIVE;
				GCC_WARN_UNUSED_FUNCTION = YES;
				GCC_WARN_UNUSED_VARIABLE = YES;
				IPHONEOS_DEPLOYMENT_TARGET = 16.2;
				MTL_ENABLE_DEBUG_INFO = INCLUDE_SOURCE;
				MTL_FAST_MATH = YES;
				ONLY_ACTIVE_ARCH = YES;
				SDKROOT = iphoneos;
				SWIFT_ACTIVE_COMPILATION_CONDITIONS = DEBUG;
				SWIFT_OPTIMIZATION_LEVEL = "-Onone";
			};
			name = Debug;
		};
		130B8245298980DB005676DC /* Release */ = {
			isa = XCBuildConfiguration;
			buildSettings = {
				ALWAYS_SEARCH_USER_PATHS = NO;
				CLANG_ANALYZER_NONNULL = YES;
				CLANG_ANALYZER_NUMBER_OBJECT_CONVERSION = YES_AGGRESSIVE;
				CLANG_CXX_LANGUAGE_STANDARD = "gnu++20";
				CLANG_ENABLE_MODULES = YES;
				CLANG_ENABLE_OBJC_ARC = YES;
				CLANG_ENABLE_OBJC_WEAK = YES;
				CLANG_WARN_BLOCK_CAPTURE_AUTORELEASING = YES;
				CLANG_WARN_BOOL_CONVERSION = YES;
				CLANG_WARN_COMMA = YES;
				CLANG_WARN_CONSTANT_CONVERSION = YES;
				CLANG_WARN_DEPRECATED_OBJC_IMPLEMENTATIONS = YES;
				CLANG_WARN_DIRECT_OBJC_ISA_USAGE = YES_ERROR;
				CLANG_WARN_DOCUMENTATION_COMMENTS = YES;
				CLANG_WARN_EMPTY_BODY = YES;
				CLANG_WARN_ENUM_CONVERSION = YES;
				CLANG_WARN_INFINITE_RECURSION = YES;
				CLANG_WARN_INT_CONVERSION = YES;
				CLANG_WARN_NON_LITERAL_NULL_CONVERSION = YES;
				CLANG_WARN_OBJC_IMPLICIT_RETAIN_SELF = YES;
				CLANG_WARN_OBJC_LITERAL_CONVERSION = YES;
				CLANG_WARN_OBJC_ROOT_CLASS = YES_ERROR;
				CLANG_WARN_QUOTED_INCLUDE_IN_FRAMEWORK_HEADER = YES;
				CLANG_WARN_RANGE_LOOP_ANALYSIS = YES;
				CLANG_WARN_STRICT_PROTOTYPES = YES;
				CLANG_WARN_SUSPICIOUS_MOVE = YES;
				CLANG_WARN_UNGUARDED_AVAILABILITY = YES_AGGRESSIVE;
				CLANG_WARN_UNREACHABLE_CODE = YES;
				CLANG_WARN__DUPLICATE_METHOD_MATCH = YES;
				COPY_PHASE_STRIP = NO;
				DEBUG_INFORMATION_FORMAT = "dwarf-with-dsym";
				ENABLE_NS_ASSERTIONS = NO;
				ENABLE_STRICT_OBJC_MSGSEND = YES;
				GCC_C_LANGUAGE_STANDARD = gnu11;
				GCC_NO_COMMON_BLOCKS = YES;
				GCC_WARN_64_TO_32_BIT_CONVERSION = YES;
				GCC_WARN_ABOUT_RETURN_TYPE = YES_ERROR;
				GCC_WARN_UNDECLARED_SELECTOR = YES;
				GCC_WARN_UNINITIALIZED_AUTOS = YES_AGGRESSIVE;
				GCC_WARN_UNUSED_FUNCTION = YES;
				GCC_WARN_UNUSED_VARIABLE = YES;
				IPHONEOS_DEPLOYMENT_TARGET = 16.2;
				MTL_ENABLE_DEBUG_INFO = NO;
				MTL_FAST_MATH = YES;
				SDKROOT = iphoneos;
				SWIFT_COMPILATION_MODE = wholemodule;
				SWIFT_OPTIMIZATION_LEVEL = "-O";
				VALIDATE_PRODUCT = YES;
			};
			name = Release;
		};
		130B8247298980DB005676DC /* Debug */ = {
			isa = XCBuildConfiguration;
			baseConfigurationReference = DB9833BDF42349E7A13088B1 /* Pods-RecipeManager.debug.xcconfig */;
			buildSettings = {
				ASSETCATALOG_COMPILER_APPICON_NAME = AppIcon;
				ASSETCATALOG_COMPILER_GLOBAL_ACCENT_COLOR_NAME = AccentColor;
				CODE_SIGN_STYLE = Automatic;
				CURRENT_PROJECT_VERSION = 1;
				DEVELOPMENT_TEAM = PT98H6A5CY;
				GENERATE_INFOPLIST_FILE = YES;
				INFOPLIST_FILE = RecipeManager/Info.plist;
				INFOPLIST_KEY_UIApplicationSupportsIndirectInputEvents = YES;
				INFOPLIST_KEY_UILaunchStoryboardName = LaunchScreen;
				INFOPLIST_KEY_UISupportedInterfaceOrientations_iPad = "UIInterfaceOrientationPortrait UIInterfaceOrientationPortraitUpsideDown UIInterfaceOrientationLandscapeLeft UIInterfaceOrientationLandscapeRight";
				INFOPLIST_KEY_UISupportedInterfaceOrientations_iPhone = "UIInterfaceOrientationPortrait UIInterfaceOrientationLandscapeLeft UIInterfaceOrientationLandscapeRight";
				LD_RUNPATH_SEARCH_PATHS = (
					"$(inherited)",
					"@executable_path/Frameworks",
				);
				MARKETING_VERSION = 1.0;
				PRODUCT_BUNDLE_IDENTIFIER = co.matiasdim.RecipeManager;
				PRODUCT_NAME = "$(TARGET_NAME)";
				SWIFT_EMIT_LOC_STRINGS = YES;
				SWIFT_VERSION = 5.0;
				TARGETED_DEVICE_FAMILY = "1,2";
			};
			name = Debug;
		};
		130B8248298980DB005676DC /* Release */ = {
			isa = XCBuildConfiguration;
			baseConfigurationReference = 6ED75A4A40777969033C58A2 /* Pods-RecipeManager.release.xcconfig */;
			buildSettings = {
				ASSETCATALOG_COMPILER_APPICON_NAME = AppIcon;
				ASSETCATALOG_COMPILER_GLOBAL_ACCENT_COLOR_NAME = AccentColor;
				CODE_SIGN_STYLE = Automatic;
				CURRENT_PROJECT_VERSION = 1;
				DEVELOPMENT_TEAM = PT98H6A5CY;
				GENERATE_INFOPLIST_FILE = YES;
				INFOPLIST_FILE = RecipeManager/Info.plist;
				INFOPLIST_KEY_UIApplicationSupportsIndirectInputEvents = YES;
				INFOPLIST_KEY_UILaunchStoryboardName = LaunchScreen;
				INFOPLIST_KEY_UISupportedInterfaceOrientations_iPad = "UIInterfaceOrientationPortrait UIInterfaceOrientationPortraitUpsideDown UIInterfaceOrientationLandscapeLeft UIInterfaceOrientationLandscapeRight";
				INFOPLIST_KEY_UISupportedInterfaceOrientations_iPhone = "UIInterfaceOrientationPortrait UIInterfaceOrientationLandscapeLeft UIInterfaceOrientationLandscapeRight";
				LD_RUNPATH_SEARCH_PATHS = (
					"$(inherited)",
					"@executable_path/Frameworks",
				);
				MARKETING_VERSION = 1.0;
				PRODUCT_BUNDLE_IDENTIFIER = co.matiasdim.RecipeManager;
				PRODUCT_NAME = "$(TARGET_NAME)";
				SWIFT_EMIT_LOC_STRINGS = YES;
				SWIFT_VERSION = 5.0;
				TARGETED_DEVICE_FAMILY = "1,2";
			};
			name = Release;
		};
		130B824A298980DB005676DC /* Debug */ = {
			isa = XCBuildConfiguration;
			baseConfigurationReference = 71B81959457F9876EA0080B5 /* Pods-RecipeManagerTests.debug.xcconfig */;
			buildSettings = {
				ALWAYS_EMBED_SWIFT_STANDARD_LIBRARIES = YES;
				BUNDLE_LOADER = "$(TEST_HOST)";
				CLANG_ENABLE_MODULES = YES;
				CODE_SIGN_STYLE = Automatic;
				CURRENT_PROJECT_VERSION = 1;
				DEVELOPMENT_TEAM = PT98H6A5CY;
				GENERATE_INFOPLIST_FILE = YES;
				IPHONEOS_DEPLOYMENT_TARGET = 16.2;
				LD_RUNPATH_SEARCH_PATHS = (
					"$(inherited)",
					"@executable_path/Frameworks",
					"@loader_path/Frameworks",
				);
				MARKETING_VERSION = 1.0;
				PRODUCT_BUNDLE_IDENTIFIER = co.matiasdim.RecipeManagerTests;
				PRODUCT_NAME = "$(TARGET_NAME)";
				SWIFT_EMIT_LOC_STRINGS = NO;
				SWIFT_OPTIMIZATION_LEVEL = "-Onone";
				SWIFT_VERSION = 5.0;
				TARGETED_DEVICE_FAMILY = "1,2";
				TEST_HOST = "$(BUILT_PRODUCTS_DIR)/RecipeManager.app/$(BUNDLE_EXECUTABLE_FOLDER_PATH)/RecipeManager";
			};
			name = Debug;
		};
		130B824B298980DB005676DC /* Release */ = {
			isa = XCBuildConfiguration;
			baseConfigurationReference = A05A263B9B1BBE2915B82702 /* Pods-RecipeManagerTests.release.xcconfig */;
			buildSettings = {
				ALWAYS_EMBED_SWIFT_STANDARD_LIBRARIES = YES;
				BUNDLE_LOADER = "$(TEST_HOST)";
				CLANG_ENABLE_MODULES = YES;
				CODE_SIGN_STYLE = Automatic;
				CURRENT_PROJECT_VERSION = 1;
				DEVELOPMENT_TEAM = PT98H6A5CY;
				GENERATE_INFOPLIST_FILE = YES;
				IPHONEOS_DEPLOYMENT_TARGET = 16.2;
				LD_RUNPATH_SEARCH_PATHS = (
					"$(inherited)",
					"@executable_path/Frameworks",
					"@loader_path/Frameworks",
				);
				MARKETING_VERSION = 1.0;
				PRODUCT_BUNDLE_IDENTIFIER = co.matiasdim.RecipeManagerTests;
				PRODUCT_NAME = "$(TARGET_NAME)";
				SWIFT_EMIT_LOC_STRINGS = NO;
				SWIFT_VERSION = 5.0;
				TARGETED_DEVICE_FAMILY = "1,2";
				TEST_HOST = "$(BUILT_PRODUCTS_DIR)/RecipeManager.app/$(BUNDLE_EXECUTABLE_FOLDER_PATH)/RecipeManager";
			};
			name = Release;
		};
/* End XCBuildConfiguration section */

/* Begin XCConfigurationList section */
		130B8217298980D9005676DC /* Build configuration list for PBXProject "RecipeManager" */ = {
			isa = XCConfigurationList;
			buildConfigurations = (
				130B8244298980DB005676DC /* Debug */,
				130B8245298980DB005676DC /* Release */,
			);
			defaultConfigurationIsVisible = 0;
			defaultConfigurationName = Release;
		};
		130B8246298980DB005676DC /* Build configuration list for PBXNativeTarget "RecipeManager" */ = {
			isa = XCConfigurationList;
			buildConfigurations = (
				130B8247298980DB005676DC /* Debug */,
				130B8248298980DB005676DC /* Release */,
			);
			defaultConfigurationIsVisible = 0;
			defaultConfigurationName = Release;
		};
		130B8249298980DB005676DC /* Build configuration list for PBXNativeTarget "RecipeManagerTests" */ = {
			isa = XCConfigurationList;
			buildConfigurations = (
				130B824A298980DB005676DC /* Debug */,
				130B824B298980DB005676DC /* Release */,
			);
			defaultConfigurationIsVisible = 0;
			defaultConfigurationName = Release;
		};
/* End XCConfigurationList section */
	};
	rootObject = 130B8214298980D9005676DC /* Project object */;
}
